
Microsoft Visual Studio Solution File, Format Version 12.00
# Visual Studio Version 16
VisualStudioVersion = 16.0.34031.81
MinimumVisualStudioVersion = 10.0.40219.1
Project("{2150E333-8FDC-42A3-9474-1A3956D46DE8}") = "Task0", "Task0", "{D048E1C6-026E-48F2-954C-E0AD73329C47}"
EndProject
Project("{2150E333-8FDC-42A3-9474-1A3956D46DE8}") = "Task1", "Task1", "{3E2A6527-CA92-4C35-84B2-CCC2782D25FF}"
EndProject
Project("{2150E333-8FDC-42A3-9474-1A3956D46DE8}") = "Task2", "Task2", "{2480EB21-FC4F-41BE-B6E3-3CB841BCA88C}"
EndProject
Project("{2150E333-8FDC-42A3-9474-1A3956D46DE8}") = "Task3", "Task3", "{5DEF7D92-016F-4DEF-BDED-023A5EB2951C}"
EndProject
Project("{FAE04EC0-301F-11D3-BF4B-00C04F79EFBC}") = "Tyuiu.ShunanovKE.Sprint4.Task0.V2", "Tyuiu.ShunanovKE.Sprint4.Task0.V2\Tyuiu.ShunanovKE.Sprint4.Task0.V2.csproj", "{254D27C5-C40E-4132-A05A-ACC252A80230}"
EndProject
Project("{FAE04EC0-301F-11D3-BF4B-00C04F79EFBC}") = "Tyuiu.ShunanovKE.Sprint4.Task0.V2.Lib", "Tyuiu.ShunanovKE.Sprint4.Task0.V2.Lib\Tyuiu.ShunanovKE.Sprint4.Task0.V2.Lib.csproj", "{B6520B73-6DAF-4B6E-B058-7E23C7492647}"
EndProject
Project("{FAE04EC0-301F-11D3-BF4B-00C04F79EFBC}") = "Tyuiu.ShunanovKE.Sprint4.Task0.V2.Test", "Tyuiu.ShunanovKE.Sprint4.Task0.V2.Test\Tyuiu.ShunanovKE.Sprint4.Task0.V2.Test.csproj", "{F2CEC2F2-DFBC-4837-8D24-7C4DC00D34B6}"
EndProject
Project("{FAE04EC0-301F-11D3-BF4B-00C04F79EFBC}") = "Tyuiu.ShunanovKE.Sprint4.Task1.V8", "Tyuiu.ShunanovKE.Sprint4.Task1.V8\Tyuiu.ShunanovKE.Sprint4.Task1.V8.csproj", "{0CC68303-3204-4538-BAB1-38FCAEEAFDE6}"
EndProject
Project("{FAE04EC0-301F-11D3-BF4B-00C04F79EFBC}") = "Tyuiu.ShunanovKE.Sprint4.Task1.V8.Lib", "Tyuiu.ShunanovKE.Sprint4.Task1.V8.Lib\Tyuiu.ShunanovKE.Sprint4.Task1.V8.Lib.csproj", "{0EE36FB2-6647-44B7-88F0-198CAC686FA9}"
EndProject
Project("{FAE04EC0-301F-11D3-BF4B-00C04F79EFBC}") = "Tyuiu.ShunanovKE.Sprint4.Task1.V8.Test", "Tyuiu.ShunanovKE.Sprint4.Task1.V8.Test\Tyuiu.ShunanovKE.Sprint4.Task1.V8.Test.csproj", "{38C77497-321C-4D20-9DBC-C029B90F70C5}"
EndProject
Project("{FAE04EC0-301F-11D3-BF4B-00C04F79EFBC}") = "Tyuiu.ShunanovKE.Sprint4.Task2.V16", "Tyuiu.ShunanovKE.Sprint4.Task2.V16\Tyuiu.ShunanovKE.Sprint4.Task2.V16.csproj", "{9436846E-B58A-4EB0-8486-31D8B74EB690}"
EndProject
Project("{FAE04EC0-301F-11D3-BF4B-00C04F79EFBC}") = "Tyuiu.ShunanovKE.Sprint4.Task2.V16.Lib", "Tyuiu.ShunanovKE.Sprint4.Task2.V16.Lib\Tyuiu.ShunanovKE.Sprint4.Task2.V16.Lib.csproj", "{E6861628-7DB4-4184-82A5-59FCDC3DA20A}"
EndProject
Project("{FAE04EC0-301F-11D3-BF4B-00C04F79EFBC}") = "Tyuiu.ShunanovKE.Sprint4.Task2.V16.Test", "Tyuiu.ShunanovKE.Sprint4.Task2.V16.Test\Tyuiu.ShunanovKE.Sprint4.Task2.V16.Test.csproj", "{72CCFB8B-181B-4B09-9339-4B453B9F7A47}"
EndProject
Global
	GlobalSection(SolutionConfigurationPlatforms) = preSolution
		Debug|Any CPU = Debug|Any CPU
		Release|Any CPU = Release|Any CPU
	EndGlobalSection
	GlobalSection(ProjectConfigurationPlatforms) = postSolution
		{254D27C5-C40E-4132-A05A-ACC252A80230}.Debug|Any CPU.ActiveCfg = Debug|Any CPU
		{254D27C5-C40E-4132-A05A-ACC252A80230}.Debug|Any CPU.Build.0 = Debug|Any CPU
		{254D27C5-C40E-4132-A05A-ACC252A80230}.Release|Any CPU.ActiveCfg = Release|Any CPU
		{254D27C5-C40E-4132-A05A-ACC252A80230}.Release|Any CPU.Build.0 = Release|Any CPU
		{B6520B73-6DAF-4B6E-B058-7E23C7492647}.Debug|Any CPU.ActiveCfg = Debug|Any CPU
		{B6520B73-6DAF-4B6E-B058-7E23C7492647}.Debug|Any CPU.Build.0 = Debug|Any CPU
		{B6520B73-6DAF-4B6E-B058-7E23C7492647}.Release|Any CPU.ActiveCfg = Release|Any CPU
		{B6520B73-6DAF-4B6E-B058-7E23C7492647}.Release|Any CPU.Build.0 = Release|Any CPU
		{F2CEC2F2-DFBC-4837-8D24-7C4DC00D34B6}.Debug|Any CPU.ActiveCfg = Debug|Any CPU
		{F2CEC2F2-DFBC-4837-8D24-7C4DC00D34B6}.Debug|Any CPU.Build.0 = Debug|Any CPU
		{F2CEC2F2-DFBC-4837-8D24-7C4DC00D34B6}.Release|Any CPU.ActiveCfg = Release|Any CPU
		{F2CEC2F2-DFBC-4837-8D24-7C4DC00D34B6}.Release|Any CPU.Build.0 = Release|Any CPU
		{0CC68303-3204-4538-BAB1-38FCAEEAFDE6}.Debug|Any CPU.ActiveCfg = Debug|Any CPU
		{0CC68303-3204-4538-BAB1-38FCAEEAFDE6}.Debug|Any CPU.Build.0 = Debug|Any CPU
		{0CC68303-3204-4538-BAB1-38FCAEEAFDE6}.Release|Any CPU.ActiveCfg = Release|Any CPU
		{0CC68303-3204-4538-BAB1-38FCAEEAFDE6}.Release|Any CPU.Build.0 = Release|Any CPU
		{0EE36FB2-6647-44B7-88F0-198CAC686FA9}.Debug|Any CPU.ActiveCfg = Debug|Any CPU
		{0EE36FB2-6647-44B7-88F0-198CAC686FA9}.Debug|Any CPU.Build.0 = Debug|Any CPU
		{0EE36FB2-6647-44B7-88F0-198CAC686FA9}.Release|Any CPU.ActiveCfg = Release|Any CPU
		{0EE36FB2-6647-44B7-88F0-198CAC686FA9}.Release|Any CPU.Build.0 = Release|Any CPU
		{38C77497-321C-4D20-9DBC-C029B90F70C5}.Debug|Any CPU.ActiveCfg = Debug|Any CPU
		{38C77497-321C-4D20-9DBC-C029B90F70C5}.Debug|Any CPU.Build.0 = Debug|Any CPU
		{38C77497-321C-4D20-9DBC-C029B90F70C5}.Release|Any CPU.ActiveCfg = Release|Any CPU
		{38C77497-321C-4D20-9DBC-C029B90F70C5}.Release|Any CPU.Build.0 = Release|Any CPU
		{9436846E-B58A-4EB0-8486-31D8B74EB690}.Debug|Any CPU.ActiveCfg = Debug|Any CPU
		{9436846E-B58A-4EB0-8486-31D8B74EB690}.Debug|Any CPU.Build.0 = Debug|Any CPU
		{9436846E-B58A-4EB0-8486-31D8B74EB690}.Release|Any CPU.ActiveCfg = Release|Any CPU
		{9436846E-B58A-4EB0-8486-31D8B74EB690}.Release|Any CPU.Build.0 = Release|Any CPU
		{E6861628-7DB4-4184-82A5-59FCDC3DA20A}.Debug|Any CPU.ActiveCfg = Debug|Any CPU
		{E6861628-7DB4-4184-82A5-59FCDC3DA20A}.Debug|Any CPU.Build.0 = Debug|Any CPU
		{E6861628-7DB4-4184-82A5-59FCDC3DA20A}.Release|Any CPU.ActiveCfg = Release|Any CPU
		{E6861628-7DB4-4184-82A5-59FCDC3DA20A}.Release|Any CPU.Build.0 = Release|Any CPU
		{72CCFB8B-181B-4B09-9339-4B453B9F7A47}.Debug|Any CPU.ActiveCfg = Debug|Any CPU
		{72CCFB8B-181B-4B09-9339-4B453B9F7A47}.Debug|Any CPU.Build.0 = Debug|Any CPU
		{72CCFB8B-181B-4B09-9339-4B453B9F7A47}.Release|Any CPU.ActiveCfg = Release|Any CPU
		{72CCFB8B-181B-4B09-9339-4B453B9F7A47}.Release|Any CPU.Build.0 = Release|Any CPU
	EndGlobalSection
	GlobalSection(SolutionProperties) = preSolution
		HideSolutionNode = FALSE
	EndGlobalSection
	GlobalSection(NestedProjects) = preSolution
		{254D27C5-C40E-4132-A05A-ACC252A80230} = {D048E1C6-026E-48F2-954C-E0AD73329C47}
		{B6520B73-6DAF-4B6E-B058-7E23C7492647} = {D048E1C6-026E-48F2-954C-E0AD73329C47}
		{F2CEC2F2-DFBC-4837-8D24-7C4DC00D34B6} = {D048E1C6-026E-48F2-954C-E0AD73329C47}
		{0CC68303-3204-4538-BAB1-38FCAEEAFDE6} = {3E2A6527-CA92-4C35-84B2-CCC2782D25FF}
		{0EE36FB2-6647-44B7-88F0-198CAC686FA9} = {3E2A6527-CA92-4C35-84B2-CCC2782D25FF}
		{38C77497-321C-4D20-9DBC-C029B90F70C5} = {3E2A6527-CA92-4C35-84B2-CCC2782D25FF}
		{9436846E-B58A-4EB0-8486-31D8B74EB690} = {2480EB21-FC4F-41BE-B6E3-3CB841BCA88C}
		{E6861628-7DB4-4184-82A5-59FCDC3DA20A} = {2480EB21-FC4F-41BE-B6E3-3CB841BCA88C}
		{72CCFB8B-181B-4B09-9339-4B453B9F7A47} = {2480EB21-FC4F-41BE-B6E3-3CB841BCA88C}
	EndGlobalSection
	GlobalSection(ExtensibilityGlobals) = postSolution
		SolutionGuid = {DE95FA2E-12EF-4C73-B089-4008A37E9562}
	EndGlobalSection
EndGlobal
